// !$*UTF8*$!
{
	archiveVersion = 1;
	classes = {
	};
	objectVersion = 46;
	objects = {

/* Begin PBXBuildFile section */
		CA5335E11E28FA2100D2A9EE /* AppDelegate.swift in Sources */ = {isa = PBXBuildFile; fileRef = CA5335E01E28FA2100D2A9EE /* AppDelegate.swift */; };
		CA5335E31E28FA2100D2A9EE /* ViewController.swift in Sources */ = {isa = PBXBuildFile; fileRef = CA5335E21E28FA2100D2A9EE /* ViewController.swift */; };
		CA5335E61E28FA2100D2A9EE /* Main.storyboard in Resources */ = {isa = PBXBuildFile; fileRef = CA5335E41E28FA2100D2A9EE /* Main.storyboard */; };
		CA5335E81E28FA2100D2A9EE /* Assets.xcassets in Resources */ = {isa = PBXBuildFile; fileRef = CA5335E71E28FA2100D2A9EE /* Assets.xcassets */; };
		CA5335EB1E28FA2100D2A9EE /* LaunchScreen.storyboard in Resources */ = {isa = PBXBuildFile; fileRef = CA5335E91E28FA2100D2A9EE /* LaunchScreen.storyboard */; };
/* End PBXBuildFile section */

/* Begin PBXFileReference section */
		CA5335DD1E28FA2100D2A9EE /* SlideshowApp02.app */ = {isa = PBXFileReference; explicitFileType = wrapper.application; includeInIndex = 0; path = SlideshowApp02.app; sourceTree = BUILT_PRODUCTS_DIR; };
		CA5335E01E28FA2100D2A9EE /* AppDelegate.swift */ = {isa = PBXFileReference; lastKnownFileType = sourcecode.swift; path = AppDelegate.swift; sourceTree = "<group>"; };
		CA5335E21E28FA2100D2A9EE /* ViewController.swift */ = {isa = PBXFileReference; lastKnownFileType = sourcecode.swift; path = ViewController.swift; sourceTree = "<group>"; };
		CA5335E51E28FA2100D2A9EE /* Base */ = {isa = PBXFileReference; lastKnownFileType = file.storyboard; name = Base; path = Base.lproj/Main.storyboard; sourceTree = "<group>"; };
		CA5335E71E28FA2100D2A9EE /* Assets.xcassets */ = {isa = PBXFileReference; lastKnownFileType = folder.assetcatalog; path = Assets.xcassets; sourceTree = "<group>"; };
		CA5335EA1E28FA2100D2A9EE /* Base */ = {isa = PBXFileReference; lastKnownFileType = file.storyboard; name = Base; path = Base.lproj/LaunchScreen.storyboard; sourceTree = "<group>"; };
		CA5335EC1E28FA2100D2A9EE /* Info.plist */ = {isa = PBXFileReference; lastKnownFileType = text.plist.xml; path = Info.plist; sourceTree = "<group>"; };
/* End PBXFileReference section */

/* Begin PBXFrameworksBuildPhase section */
		CA5335DA1E28FA2100D2A9EE /* Frameworks */ = {
			isa = PBXFrameworksBuildPhase;
			buildActionMask = 2147483647;
			files = (
			);
			runOnlyForDeploymentPostprocessing = 0;
		};
/* End PBXFrameworksBuildPhase section */

/* Begin PBXGroup section */
		CA5335D41E28FA2100D2A9EE = {
			isa = PBXGroup;
			children = (
				CA5335DF1E28FA2100D2A9EE /* SlideshowApp02 */,
				CA5335DE1E28FA2100D2A9EE /* Products */,
			);
			sourceTree = "<group>";
		};
		CA5335DE1E28FA2100D2A9EE /* Products */ = {
			isa = PBXGroup;
			children = (
				CA5335DD1E28FA2100D2A9EE /* SlideshowApp02.app */,
			);
			name = Products;
			sourceTree = "<group>";
		};
		CA5335DF1E28FA2100D2A9EE /* SlideshowApp02 */ = {
			isa = PBXGroup;
			children = (
				CA5335E01E28FA2100D2A9EE /* AppDelegate.swift */,
				CA5335E21E28FA2100D2A9EE /* ViewController.swift */,
				CA5335E41E28FA2100D2A9EE /* Main.storyboard */,
				CA5335E71E28FA2100D2A9EE /* Assets.xcassets */,
				CA5335E91E28FA2100D2A9EE /* LaunchScreen.storyboard */,
				CA5335EC1E28FA2100D2A9EE /* Info.plist */,
			);
			path = SlideshowApp02;
			sourceTree = "<group>";
		};
/* End PBXGroup section */

/* Begin PBXNativeTarget section */
		CA5335DC1E28FA2100D2A9EE /* SlideshowApp02 */ = {
			isa = PBXNativeTarget;
			buildConfigurationList = CA5335EF1E28FA2100D2A9EE /* Build configuration list for PBXNativeTarget "SlideshowApp02" */;
			buildPhases = (
				CA5335D91E28FA2100D2A9EE /* Sources */,
				CA5335DA1E28FA2100D2A9EE /* Frameworks */,
				CA5335DB1E28FA2100D2A9EE /* Resources */,
			);
			buildRules = (
			);
			dependencies = (
			);
			name = SlideshowApp02;
			productName = SlideshowApp02;
			productReference = CA5335DD1E28FA2100D2A9EE /* SlideshowApp02.app */;
			productType = "com.apple.product-type.application";
		};
/* End PBXNativeTarget section */

/* Begin PBXProject section */
		CA5335D51E28FA2100D2A9EE /* Project object */ = {
			isa = PBXProject;
			attributes = {
				LastSwiftUpdateCheck = 0820;
				LastUpgradeCheck = 0820;
				ORGANIZATIONNAME = wkojiro;
				TargetAttributes = {
					CA5335DC1E28FA2100D2A9EE = {
						CreatedOnToolsVersion = 8.2.1;
						ProvisioningStyle = Automatic;
					};
				};
			};
			buildConfigurationList = CA5335D81E28FA2100D2A9EE /* Build configuration list for PBXProject "SlideshowApp02" */;
			compatibilityVersion = "Xcode 3.2";
			developmentRegion = English;
			hasScannedForEncodings = 0;
			knownRegions = (
				en,
				Base,
			);
			mainGroup = CA5335D41E28FA2100D2A9EE;
			productRefGroup = CA5335DE1E28FA2100D2A9EE /* Products */;
			projectDirPath = "";
			projectRoot = "";
			targets = (
				CA5335DC1E28FA2100D2A9EE /* SlideshowApp02 */,
			);
		};
/* End PBXProject section */

/* Begin PBXResourcesBuildPhase section */
		CA5335DB1E28FA2100D2A9EE /* Resources */ = {
			isa = PBXResourcesBuildPhase;
			buildActionMask = 2147483647;
			files = (
				CA5335EB1E28FA2100D2A9EE /* LaunchScreen.storyboard in Resources */,
				CA5335E81E28FA2100D2A9EE /* Assets.xcassets in Resources */,
				CA5335E61E28FA2100D2A9EE /* Main.storyboard in Resources */,
			);
			runOnlyForDeploymentPostprocessing = 0;
		};
/* End PBXResourcesBuildPhase section */

/* Begin PBXSourcesBuildPhase section */
		CA5335D91E28FA2100D2A9EE /* Sources */ = {
			isa = PBXSourcesBuildPhase;
			buildActionMask = 2147483647;
			files = (
				CA5335E31E28FA2100D2A9EE /* ViewController.swift in Sources */,
				CA5335E11E28FA2100D2A9EE /* AppDelegate.swift in Sources */,
			);
			runOnlyForDeploymentPostprocessing = 0;
		};
/* End PBXSourcesBuildPhase section */

/* Begin PBXVariantGroup section */
		CA5335E41E28FA2100D2A9EE /* Main.storyboard */ = {
			isa = PBXVariantGroup;
			children = (
				CA5335E51E28FA2100D2A9EE /* Base */,
			);
			name = Main.storyboard;
			sourceTree = "<group>";
		};
		CA5335E91E28FA2100D2A9EE /* LaunchScreen.storyboard */ = {
			isa = PBXVariantGroup;
			children = (
				CA5335EA1E28FA2100D2A9EE /* Base */,
			);
			name = LaunchScreen.storyboard;
			sourceTree = "<group>";
		};
/* End PBXVariantGroup section */

/* Begin XCBuildConfiguration section */
		CA5335ED1E28FA2100D2A9EE /* Debug */ = {
			isa = XCBuildConfiguration;
			buildSettings = {
				ALWAYS_SEARCH_USER_PATHS = NO;
				CLANG_ANALYZER_NONNULL = YES;
				CLANG_CXX_LANGUAGE_STANDARD = "gnu++0x";
				CLANG_CXX_LIBRARY = "libc++";
				CLANG_ENABLE_MODULES = YES;
				CLANG_ENABLE_OBJC_ARC = YES;
				CLANG_WARN_BOOL_CONVERSION = YES;
				CLANG_WARN_CONSTANT_CONVERSION = YES;
				CLANG_WARN_DIRECT_OBJC_ISA_USAGE = YES_ERROR;
				CLANG_WARN_DOCUMENTATION_COMMENTS = YES;
				CLANG_WARN_EMPTY_BODY = YES;
				CLANG_WARN_ENUM_CONVERSION = YES;
				CLANG_WARN_INFINITE_RECURSION = YES;
				CLANG_WARN_INT_CONVERSION = YES;
				CLANG_WARN_OBJC_ROOT_CLASS = YES_ERROR;
				CLANG_WARN_SUSPICIOUS_MOVE = YES;
				CLANG_WARN_UNREACHABLE_CODE = YES;
				CLANG_WARN__DUPLICATE_METHOD_MATCH = YES;
				"CODE_SIGN_IDENTITY[sdk=iphoneos*]" = "iPhone Developer";
				COPY_PHASE_STRIP = NO;
				DEBUG_INFORMATION_FORMAT = dwarf;
				ENABLE_STRICT_OBJC_MSGSEND = YES;
				ENABLE_TESTABILITY = YES;
				GCC_C_LANGUAGE_STANDARD = gnu99;
				GCC_DYNAMIC_NO_PIC = NO;
				GCC_NO_COMMON_BLOCKS = YES;
				GCC_OPTIMIZATION_LEVEL = 0;
				GCC_PREPROCESSOR_DEFINITIONS = (
					"DEBUG=1",
					"$(inherited)",
				);
				GCC_WARN_64_TO_32_BIT_CONVERSION = YES;
				GCC_WARN_ABOUT_RETURN_TYPE = YES_ERROR;
				GCC_WARN_UNDECLARED_SELECTOR = YES;
				GCC_WARN_UNINITIALIZED_AUTOS = YES_AGGRESSIVE;
				GCC_WARN_UNUSED_FUNCTION = YES;
				GCC_WARN_UNUSED_VARIABLE = YES;
				IPHONEOS_DEPLOYMENT_TARGET = 10.2;
				MTL_ENABLE_DEBUG_INFO = YES;
				ONLY_ACTIVE_ARCH = YES;
				SDKROOT = iphoneos;
				SWIFT_ACTIVE_COMPILATION_CONDITIONS = DEBUG;
				SWIFT_OPTIMIZATION_LEVEL = "-Onone";
			};
			name = Debug;
		};
		CA5335EE1E28FA2100D2A9EE /* Release */ = {
			isa = XCBuildConfiguration;
			buildSettings = {
				ALWAYS_SEARCH_USER_PATHS = NO;
				CLANG_ANALYZER_NONNULL = YES;
				CLANG_CXX_LANGUAGE_STANDARD = "gnu++0x";
				CLANG_CXX_LIBRARY = "libc++";
				CLANG_ENABLE_MODULES = YES;
				CLANG_ENABLE_OBJC_ARC = YES;
				CLANG_WARN_BOOL_CONVERSION = YES;
				CLANG_WARN_CONSTANT_CONVERSION = YES;
				CLANG_WARN_DIRECT_OBJC_ISA_USAGE = YES_ERROR;
				CLANG_WARN_DOCUMENTATION_COMMENTS = YES;
				CLANG_WARN_EMPTY_BODY = YES;
				CLANG_WARN_ENUM_CONVERSION = YES;
				CLANG_WARN_INFINITE_RECURSION = YES;
				CLANG_WARN_INT_CONVERSION = YES;
				CLANG_WARN_OBJC_ROOT_CLASS = YES_ERROR;
				CLANG_WARN_SUSPICIOUS_MOVE = YES;
				CLANG_WARN_UNREACHABLE_CODE = YES;
				CLANG_WARN__DUPLICATE_METHOD_MATCH = YES;
				"CODE_SIGN_IDENTITY[sdk=iphoneos*]" = "iPhone Developer";
				COPY_PHASE_STRIP = NO;
				DEBUG_INFORMATION_FORMAT = "dwarf-with-dsym";
				ENABLE_NS_ASSERTIONS = NO;
				ENABLE_STRICT_OBJC_MSGSEND = YES;
				GCC_C_LANGUAGE_STANDARD = gnu99;
				GCC_NO_COMMON_BLOCKS = YES;
				GCC_WARN_64_TO_32_BIT_CONVERSION = YES;
				GCC_WARN_ABOUT_RETURN_TYPE = YES_ERROR;
				GCC_WARN_UNDECLARED_SELECTOR = YES;
				GCC_WARN_UNINITIALIZED_AUTOS = YES_AGGRESSIVE;
				GCC_WARN_UNUSED_FUNCTION = YES;
				GCC_WARN_UNUSED_VARIABLE = YES;
				IPHONEOS_DEPLOYMENT_TARGET = 10.2;
				MTL_ENABLE_DEBUG_INFO = NO;
				SDKROOT = iphoneos;
				SWIFT_OPTIMIZATION_LEVEL = "-Owholemodule";
				VALIDATE_PRODUCT = YES;
			};
			name = Release;
		};
		CA5335F01E28FA2100D2A9EE /* Debug */ = {
			isa = XCBuildConfiguration;
			buildSettings = {
				ASSETCATALOG_COMPILER_APPICON_NAME = AppIcon;
				INFOPLIST_FILE = SlideshowApp02/Info.plist;
				LD_RUNPATH_SEARCH_PATHS = "$(inherited) @executable_path/Frameworks";
				PRODUCT_BUNDLE_IDENTIFIER = jp.techacademy.wkojiro.SlideshowApp02;
				PRODUCT_NAME = "$(TARGET_NAME)";
				SWIFT_VERSION = 3.0;
			};
			name = Debug;
		};
		CA5335F11E28FA2100D2A9EE /* Release */ = {
			isa = XCBuildConfiguration;
			buildSettings = {
				ASSETCATALOG_COMPILER_APPICON_NAME = AppIcon;
				INFOPLIST_FILE = SlideshowApp02/Info.plist;
				LD_RUNPATH_SEARCH_PATHS = "$(inherited) @executable_path/Frameworks";
				PRODUCT_BUNDLE_IDENTIFIER = jp.techacademy.wkojiro.SlideshowApp02;
				PRODUCT_NAME = "$(TARGET_NAME)";
				SWIFT_VERSION = 3.0;
			};
			name = Release;
		};
/* End XCBuildConfiguration section */

/* Begin XCConfigurationList section */
		CA5335D81E28FA2100D2A9EE /* Build configuration list for PBXProject "SlideshowApp02" */ = {
			isa = XCConfigurationList;
			buildConfigurations = (
				CA5335ED1E28FA2100D2A9EE /* Debug */,
				CA5335EE1E28FA2100D2A9EE /* Release */,
			);
			defaultConfigurationIsVisible = 0;
			defaultConfigurationName = Release;
		};
		CA5335EF1E28FA2100D2A9EE /* Build configuration list for PBXNativeTarget "SlideshowApp02" */ = {
			isa = XCConfigurationList;
			buildConfigurations = (
				CA5335F01E28FA2100D2A9EE /* Debug */,
				CA5335F11E28FA2100D2A9EE /* Release */,
			);
			defaultConfigurationIsVisible = 0;
		};
/* End XCConfigurationList section */
	};
	rootObject = CA5335D51E28FA2100D2A9EE /* Project object */;
}
